
Microsoft Visual Studio Solution File, Format Version 12.00
# Visual Studio Version 17
VisualStudioVersion = 17.6.33829.357
MinimumVisualStudioVersion = 10.0.40219.1
Project("{FAE04EC0-301F-11D3-BF4B-00C04F79EFBC}") = "test_sofinans_calc", "test_sofinans_calc.csproj", "{B40732A6-6410-4E99-BEA9-2B9DDF146B37}"
EndProject
Global
	GlobalSection(SolutionConfigurationPlatforms) = preSolution
		Debug|Any CPU = Debug|Any CPU
		Release|Any CPU = Release|Any CPU
	EndGlobalSection
	GlobalSection(ProjectConfigurationPlatforms) = postSolution
		{B40732A6-6410-4E99-BEA9-2B9DDF146B37}.Debug|Any CPU.ActiveCfg = Debug|Any CPU
		{B40732A6-6410-4E99-BEA9-2B9DDF146B37}.Debug|Any CPU.Build.0 = Debug|Any CPU
		{B40732A6-6410-4E99-BEA9-2B9DDF146B37}.Release|Any CPU.ActiveCfg = Release|Any CPU
		{B40732A6-6410-4E99-BEA9-2B9DDF146B37}.Release|Any CPU.Build.0 = Release|Any CPU
	EndGlobalSection
	GlobalSection(SolutionProperties) = preSolution
		HideSolutionNode = FALSE
	EndGlobalSection
	GlobalSection(ExtensibilityGlobals) = postSolution
		SolutionGuid = {7A3B53ED-8258-4B2E-BC07-000D126AA0C6}
	EndGlobalSection
EndGlobal
